github.com/davecgh/go-spew v1.1.1 h1:vj9j/u1bqnvCEfJOwUhtlOARqs3+rkHYY13jYWTU97c=
github.com/davecgh/go-spew v1.1.1/go.mod h1:J7Y8YcW2NihsgmVo/mv3lAwl/skON4iLHjSsI+c5H38=
github.com/go-gst/go-glib v1.4.0 h1:FB2uVfB0uqz7/M6EaDdWWlBZRQpvFAbWfL7drdw8lAE=
github.com/go-gst/go-glib v1.4.0/go.mod h1:GUIpWmkxQ1/eL+FYSjKpLDyTZx6Vgd9nNXt8dA31d5M=
github.com/go-gst/go-gst v1.4.0 h1:EikB43u4c3wc8d2RzlFRSfIGIXYzDy6Zls2vJqrG2BU=
github.com/go-gst/go-gst v1.4.0/go.mod h1:p8TLGtOxJLcrp6PCkTPdnanwWBxPZvYiHDbuSuwgO3c=
github.com/google/uuid v1.6.0 h1:NIvaJDMOsjHA8n1jAhLSgzrAzy1Hgr+hNrb57e+94F0=
github.com/google/uuid v1.6.0/go.mod h1:TIyPZe4MgqvfeYDBFedMoGGpEw/LqOeaOT+nhxU+yHo=
github.com/gorilla/websocket v1.5.3 h1:saDtZ6Pbx/0u+bgYQ3q96pZgCzfhKXGPqt7kZ72aNNg=
github.com/gorilla/websocket v1.5.3/go.mod h1:YR8l580nyteQvAITg2hZ9XVh4b55+EU/adAjf1fMHhE=
github.com/mattn/go-pointer v0.0.1 h1:n+XhsuGeVO6MEAp7xyEukFINEa+Quek5psIR/ylA6o0=
github.com/mattn/go-pointer v0.0.1/go.mod h1:2zXcozF6qYGgmsG+SeTZz3oAbFLdD3OWqnUbNvJZAlc=
github.com/pion/datachannel v1.6.0 h1:XecBlj+cvsxhAMZWFfFcPyUaDZtd7IJvrXqlXD/53i0=
github.com/pion/datachannel v1.6.0/go.mod h1:ur+wzYF8mWdC+Mkis5Thosk+u/VOL287apDNEbFpsIk=
github.com/pion/dtls/v3 v3.1.3 h1:OA6J5UCeA8DvRXD8ofaMnlNPXN3ISBLHHJ9P8SWL09E=
github.com/pion/dtls/v3 v3.1.3/go.mod h1:GEwid4EzCcakfrNvHXM7bs6ci2mASI5Y5Q4tbtLFuWs=
github.com/pion/ice/v4 v4.2.7 h1:zDEbC6MiEdhQpF8TxBOTws+NU6ZgGpveHrQq4Lc1kao=
github.com/pion/ice/v4 v4.2.7/go.mod h1:9SNPaq0c7El/ki8leJzyCkK10zsskprR3zTNbO3monY=
github.com/pion/interceptor v0.1.45 h1:6PUo/5829bIfRFIPPJQzuDn8EjxRTSB/CSD7QVCOaqo=
github.com/pion/interceptor v0.1.45/go.mod h1:gNDYM/uFKcLe/B3gS2/7+aw6z+RDiMy2qKTnF1LO31w=
github.com/pion/logging v0.2.4 h1:tTew+7cmQ+Mc1pTBLKH2puKsOvhm32dROumOZ655zB8=
github.com/pion/logging v0.2.4/go.mod h1:DffhXTKYdNZU+KtJ5pyQDjvOAh/GsNSyv1lbkFbe3so=
github.com/pion/mdns/v2 v2.1.0 h1:3IJ9+Xio6tWYjhN6WwuY142P/1jA0D5ERaIqawg/fOY=
github.com/pion/mdns/v2 v2.1.0/go.mod h1:pcez23GdynwcfRU1977qKU0mDxSeucttSHbCSfFOd9A=
github.com/pion/randutil v0.1.0 h1:CFG1UdESneORglEsnimhUjf33Rwjubwj6xfiOXBa3mA=
github.com/pion/randutil v0.1.0/go.mod h1:XcJrSMMbbMRhASFVOlj/5hQial/Y8oH/HVo7TBZq+j8=
github.com/pion/rtcp v1.2.16 h1:fk1B1dNW4hsI78XUCljZJlC4kZOPk67mNRuQ0fcEkSo=
github.com/pion/rtcp v1.2.16/go.mod h1:/as7VKfYbs5NIb4h6muQ35kQF/J0ZVNz2Z3xKoCBYOo=
github.com/pion/rtp v1.10.2 h1:l+f6tTDcAH6xwepaAoW791ddhuYsJlqRATOzirO04Mo=
github.com/pion/rtp v1.10.2/go.mod h1:Au8fc6cEByy8RLTwKTQTEeQqDB/SJDxwL4mZuxYA5Pk=
github.com/pion/sctp v1.10.0 h1:qeoD6swF/2M5bYRcAGayqSbTKX3m4AW29CiQxG1+Pfg=
github.com/pion/sctp v1.10.0/go.mod h1:N20Dq6LY+JvJDAh9VVh1JELngb2rQ8dPgds5yBWiPgw=
github.com/pion/sdp/v3 v3.0.18 h1:l0bAXazKHpepazVdp+tPYnrsy9dfh7ZbT8DxesH5ZnI=
github.com/pion/sdp/v3 v3.0.18/go.mod h1:ZREGo6A9ZygQ9XkqAj5xYCQtQpif0i6Pa81HOiAdqQ8=
github.com/pion/srtp/v3 v3.0.11 h1:GiESUr54/K4UuPigfq/CvWUed80JenQAHXn0C2MQQIQ=
github.com/pion/srtp/v3 v3.0.11/go.mod h1:EeZOi/sd6glM1EXapg051gdNWO9yWT1YSsgQ4SlJkns=
github.com/pion/stun/v3 v3.1.4 h1:/7ZL0j0dmLroKOq4GfkyKQ6asByYqntwyHSp5sYLcGY=
github.com/pion/stun/v3 v3.1.4/go.mod h1:ET7PFiXo1nrD2ZNVpbEHDuT0kCPVXhKmyWdiePNMw/U=
github.com/pion/transport/v3 v3.1.1 h1:Tr684+fnnKlhPceU+ICdrw6KKkTms+5qHMgw6bIkYOM=
github.com/pion/transport/v3 v3.1.1/go.mod h1:+c2eewC5WJQHiAA46fkMMzoYZSuGzA/7E2FPrOYHctQ=
github.com/pion/transport/v4 v4.0.2 h1:ifYlPqNwsy6aKQ9y8yzxXlHae5431ZrH2avkD/Rn6Tk=
github.com/pion/transport/v4 v4.0.2/go.mod h1:06hFI+jCFcok2X2MekVufNZ/uzNZXivGBPfviSVcjgM=
github.com/pion/turn/v5 v5.0.7 h1:cA4zPYZR/tS1qZqOi5myHSQ+cwPENCvY8T/wMloP8Tg=
github.com/pion/turn/v5 v5.0.7/go.mod h1:1VwvxElZaOdJU0liJ/WUSm/Tsh+n2OxS5ISSDxgOWxU=
github.com/pion/webrtc/v4 v4.2.14 h1:Q6zMs+fSDsYuhZcNlvFGBxCOMHVV9oYcDa6O9/HIGTc=
github.com/pion/webrtc/v4 v4.2.14/go.mod h1:87NVKP86+g4OMrRxWhjWfUjeXP4JrV6RTlUrIW+/Jak=
github.com/pmezard/go-difflib v1.0.0 h1:4DBwDE0NGyQoBHbLQYPwSUPoCMWR5BEzIk/f1lZbAQM=
github.com/pmezard/go-difflib v1.0.0/go.mod h1:iKH77koFhYxTK1pcRnkKkqfTogsbg7gZNVY4sRDYZ/4=
github.com/stretchr/testify v1.11.1 h1:7s2iGBzp5EwR7/aIZr8ao5+dra3wiQyKjjFuvgVKu7U=
github.com/stretchr/testify v1.11.1/go.mod h1:wZwfW3scLgRK+23gO65QZefKpKQRnfz6sD981Nm4B6U=
github.com/wlynxg/anet v0.0.5 h1:J3VJGi1gvo0JwZ/P1/Yc/8p63SoW98B5dHkYDmpgvvU=
github.com/wlynxg/anet v0.0.5/go.mod h1:eay5PRQr7fIVAMbTbchTnO9gG65Hg/uYGdc7mguHxoA=
golang.org/x/crypto v0.48.0 h1:/VRzVqiRSggnhY7gNRxPauEQ5Drw9haKdM0jqfcCFts=
golang.org/x/crypto v0.48.0/go.mod h1:r0kV5h3qnFPlQnBSrULhlsRfryS2pmewsg+XfMgkVos=
golang.org/x/exp v0.0.0-20240909161429-701f63a606c0 h1:e66Fs6Z+fZTbFBAxKfP3PALWBtpfqks2bwGcexMxgtk=
golang.org/x/exp v0.0.0-20240909161429-701f63a606c0/go.mod h1:2TbTHSBQa924w8M6Xs1QcRcFwyucIwBGpK1p2f1YFFY=
golang.org/x/net v0.50.0 h1:ucWh9eiCGyDR3vtzso0WMQinm2Dnt8cFMuQa9K33J60=
golang.org/x/net v0.50.0/go.mod h1:UgoSli3F/pBgdJBHCTc+tp3gmrU4XswgGRgtnwWTfyM=
golang.org/x/sys v0.41.0 h1:Ivj+2Cp/ylzLiEU89QhWblYnOE9zerudt9Ftecq2C6k=
golang.org/x/sys v0.41.0/go.mod h1:OgkHotnGiDImocRcuBABYBEXf8A9a87e/uXjp9XT3ks=
golang.org/x/time v0.14.0 h1:MRx4UaLrDotUKUdCIqzPC48t1Y9hANFKIRpNx+Te8PI=
golang.org/x/time v0.14.0/go.mod h1:eL/Oa2bBBK0TkX57Fyni+NgnyQQN4LitPmob2Hjnqw4=
gopkg.in/yaml.v3 v3.0.1 h1:fxVm/GzAzEWqLHuvctI91KS9hhNmmWOoWu0XTYJS7CA=
gopkg.in/yaml.v3 v3.0.1/go.mod h1:K4uyk7z7BCEPqu6E+C64Yfv1cQ7kz7rIZviUmN+EgEM=
